
Microsoft Visual Studio Solution File, Format Version 12.00
# Visual Studio 15
VisualStudioVersion = 15.0.27703.2035
MinimumVisualStudioVersion = 10.0.40219.1
Project("{9A19103F-16F7-4668-BE54-9A1E7A4F7556}") = "NetCoreWebApplication", "NetCoreWebApplication\NetCoreWebApplication.csproj", "{BD225D56-2318-4D76-AA46-80FBDD37B3DC}"
EndProject
Global
	GlobalSection(SolutionConfigurationPlatforms) = preSolution
		Debug|Any CPU = Debug|Any CPU
		Release|Any CPU = Release|Any CPU
	EndGlobalSection
	GlobalSection(ProjectConfigurationPlatforms) = postSolution
		{BD225D56-2318-4D76-AA46-80FBDD37B3DC}.Debug|Any CPU.ActiveCfg = Debug|Any CPU
		{BD225D56-2318-4D76-AA46-80FBDD37B3DC}.Debug|Any CPU.Build.0 = Debug|Any CPU
		{BD225D56-2318-4D76-AA46-80FBDD37B3DC}.Release|Any CPU.ActiveCfg = Release|Any CPU
		{BD225D56-2318-4D76-AA46-80FBDD37B3DC}.Release|Any CPU.Build.0 = Release|Any CPU
	EndGlobalSection
	GlobalSection(SolutionProperties) = preSolution
		HideSolutionNode = FALSE
	EndGlobalSection
	GlobalSection(ExtensibilityGlobals) = postSolution
		SolutionGuid = {4EE43C80-E34C-42B1-9328-0BFBAFFEC5B4}
	EndGlobalSection
EndGlobal
